
Microsoft Visual Studio Solution File, Format Version 12.00
# Visual Studio Version 17
VisualStudioVersion = 17.2.32616.157
MinimumVisualStudioVersion = 10.0.40219.1
Project("{FAE04EC0-301F-11D3-BF4B-00C04F79EFBC}") = "ApostilaDeCSharp.ParadigmaEstruturado", "ApostilaDeCSharp.ParadigmaEstruturado\ApostilaDeCSharp.ParadigmaEstruturado.csproj", "{A406C849-0C7E-4BB6-823E-37E1244F89E4}"
EndProject
Project("{FAE04EC0-301F-11D3-BF4B-00C04F79EFBC}") = "ApostilaDeCSharp.EstruturasDeSelecao", "ApostilaDeCSharp.EstruturasDeSelecao\ApostilaDeCSharp.EstruturasDeSelecao.csproj", "{57D6C3D1-D3C1-45BE-8E83-E94F40296A14}"
EndProject
Project("{FAE04EC0-301F-11D3-BF4B-00C04F79EFBC}") = "ApostilaDeCSharp.OrientacaoObjetos", "ApostilaDeCSharp.OrientacaoObjetos\ApostilaDeCSharp.OrientacaoObjetos.csproj", "{232D0383-2AC2-416A-B4B8-FB69EF339A6E}"
EndProject
Project("{FAE04EC0-301F-11D3-BF4B-00C04F79EFBC}") = "ApostilaDeCSharp.InterfaceGrafica", "ApostilaDeCSharp.InterfaceGrafica\ApostilaDeCSharp.InterfaceGrafica.csproj", "{373856DB-D52E-47BD-8670-5A09E6A48ACC}"
EndProject
Global
	GlobalSection(SolutionConfigurationPlatforms) = preSolution
		Debug|Any CPU = Debug|Any CPU
		Release|Any CPU = Release|Any CPU
	EndGlobalSection
	GlobalSection(ProjectConfigurationPlatforms) = postSolution
		{A406C849-0C7E-4BB6-823E-37E1244F89E4}.Debug|Any CPU.ActiveCfg = Debug|Any CPU
		{A406C849-0C7E-4BB6-823E-37E1244F89E4}.Debug|Any CPU.Build.0 = Debug|Any CPU
		{A406C849-0C7E-4BB6-823E-37E1244F89E4}.Release|Any CPU.ActiveCfg = Release|Any CPU
		{A406C849-0C7E-4BB6-823E-37E1244F89E4}.Release|Any CPU.Build.0 = Release|Any CPU
		{57D6C3D1-D3C1-45BE-8E83-E94F40296A14}.Debug|Any CPU.ActiveCfg = Debug|Any CPU
		{57D6C3D1-D3C1-45BE-8E83-E94F40296A14}.Debug|Any CPU.Build.0 = Debug|Any CPU
		{57D6C3D1-D3C1-45BE-8E83-E94F40296A14}.Release|Any CPU.ActiveCfg = Release|Any CPU
		{57D6C3D1-D3C1-45BE-8E83-E94F40296A14}.Release|Any CPU.Build.0 = Release|Any CPU
		{232D0383-2AC2-416A-B4B8-FB69EF339A6E}.Debug|Any CPU.ActiveCfg = Debug|Any CPU
		{232D0383-2AC2-416A-B4B8-FB69EF339A6E}.Debug|Any CPU.Build.0 = Debug|Any CPU
		{232D0383-2AC2-416A-B4B8-FB69EF339A6E}.Release|Any CPU.ActiveCfg = Release|Any CPU
		{232D0383-2AC2-416A-B4B8-FB69EF339A6E}.Release|Any CPU.Build.0 = Release|Any CPU
		{373856DB-D52E-47BD-8670-5A09E6A48ACC}.Debug|Any CPU.ActiveCfg = Debug|Any CPU
		{373856DB-D52E-47BD-8670-5A09E6A48ACC}.Debug|Any CPU.Build.0 = Debug|Any CPU
		{373856DB-D52E-47BD-8670-5A09E6A48ACC}.Release|Any CPU.ActiveCfg = Release|Any CPU
		{373856DB-D52E-47BD-8670-5A09E6A48ACC}.Release|Any CPU.Build.0 = Release|Any CPU
	EndGlobalSection
	GlobalSection(SolutionProperties) = preSolution
		HideSolutionNode = FALSE
	EndGlobalSection
	GlobalSection(ExtensibilityGlobals) = postSolution
		SolutionGuid = {C92611E1-895D-4755-9959-2930B8DFDF4C}
	EndGlobalSection
EndGlobal
